
Microsoft Visual Studio Solution File, Format Version 12.00
# Visual Studio Version 17
VisualStudioVersion = 17.4.33205.214
MinimumVisualStudioVersion = 10.0.40219.1
Project("{FAE04EC0-301F-11D3-BF4B-00C04F79EFBC}") = "IETT_GUI", "IETT_GUI.csproj", "{4A812165-0C2F-4A5D-9733-C4E2E5D55893}"
EndProject
Global
	GlobalSection(SolutionConfigurationPlatforms) = preSolution
		Debug|Any CPU = Debug|Any CPU
		Release|Any CPU = Release|Any CPU
	EndGlobalSection
	GlobalSection(ProjectConfigurationPlatforms) = postSolution
		{4A812165-0C2F-4A5D-9733-C4E2E5D55893}.Debug|Any CPU.ActiveCfg = Debug|Any CPU
		{4A812165-0C2F-4A5D-9733-C4E2E5D55893}.Debug|Any CPU.Build.0 = Debug|Any CPU
		{4A812165-0C2F-4A5D-9733-C4E2E5D55893}.Release|Any CPU.ActiveCfg = Release|Any CPU
		{4A812165-0C2F-4A5D-9733-C4E2E5D55893}.Release|Any CPU.Build.0 = Release|Any CPU
	EndGlobalSection
	GlobalSection(SolutionProperties) = preSolution
		HideSolutionNode = FALSE
	EndGlobalSection
	GlobalSection(ExtensibilityGlobals) = postSolution
		SolutionGuid = {44A2321C-47BF-4B11-A82E-96A40BCB74BF}
	EndGlobalSection
EndGlobal
